dependencies:
- name: yas-configuration
  repository: file://../yas-configuration
  version: 0.4.0
- name: product
  repository: file://../product
  version: 0.1.0
- name: order
  repository: file://../order
  version: 0.2.0
- name: cart
  repository: file://../cart
  version: 0.2.0
- name: customer
  repository: file://../customer
  version: 0.1.0
- name: payment
  repository: file://../payment
  version: 0.2.0
- name: search
  repository: file://../search
  version: 0.1.0
- name: tax
  repository: file://../tax
  version: 0.1.0
- name: media
  repository: file://../media
  version: 0.1.0
- name: inventory
  repository: file://../inventory
  version: 0.1.0
- name: promotion
  repository: file://../promotion
  version: 0.1.0
- name: backoffice-bff
  repository: file://../backoffice-bff
  version: 0.1.0
- name: storefront-bff
  repository: file://../storefront-bff
  version: 0.1.0
- name: backoffice-ui
  repository: file://../backoffice-ui
  version: 0.1.0
- name: storefront-ui
  repository: file://../storefront-ui
  version: 0.1.0
- name: swagger-ui
  repository: file://../swagger-ui
  version: 0.1.0
digest: sha256:d13128136265fe1fd4dff9f2b4b77a6ab8aec3f5864cdb9635a6aa0692e5bc5a
generated: "2026-07-08T14:15:14.564658284Z"
